
Microsoft Visual Studio Solution File, Format Version 12.00
# Visual Studio Version 17
VisualStudioVersion = 17.8.34309.116
MinimumVisualStudioVersion = 10.0.40219.1
Project("{FAE04EC0-301F-11D3-BF4B-00C04F79EFBC}") = "Laba2", "Laba2\Laba2.csproj", "{54A51CA6-9453-4F08-9B8D-90ECCB2ED163}"
EndProject
Global
	GlobalSection(SolutionConfigurationPlatforms) = preSolution
		Debug|Any CPU = Debug|Any CPU
		Release|Any CPU = Release|Any CPU
	EndGlobalSection
	GlobalSection(ProjectConfigurationPlatforms) = postSolution
		{54A51CA6-9453-4F08-9B8D-90ECCB2ED163}.Debug|Any CPU.ActiveCfg = Debug|Any CPU
		{54A51CA6-9453-4F08-9B8D-90ECCB2ED163}.Debug|Any CPU.Build.0 = Debug|Any CPU
		{54A51CA6-9453-4F08-9B8D-90ECCB2ED163}.Release|Any CPU.ActiveCfg = Release|Any CPU
		{54A51CA6-9453-4F08-9B8D-90ECCB2ED163}.Release|Any CPU.Build.0 = Release|Any CPU
	EndGlobalSection
	GlobalSection(SolutionProperties) = preSolution
		HideSolutionNode = FALSE
	EndGlobalSection
	GlobalSection(ExtensibilityGlobals) = postSolution
		SolutionGuid = {6283B586-F440-4655-B281-982A576B3BA6}
	EndGlobalSection
EndGlobal
